Microsoft Visual Studio Solution File, Format Version 12.00
# Visual Studio Version 17
VisualStudioVersion = 17.5.2.0
MinimumVisualStudioVersion = 10.0.40219.1
Project("{FAE04EC0-301F-11D3-BF4B-00C04F79EFBC}") = "ListFileTool", "ListFileTool.csproj", "{A07B31BA-7FA9-A1EC-BDB3-5B4A73A00780}"
EndProject
Global
	GlobalSection(SolutionConfigurationPlatforms) = preSolution
		Debug|Any CPU = Debug|Any CPU
		Release|Any CPU = Release|Any CPU
	EndGlobalSection
	GlobalSection(ProjectConfigurationPlatforms) = postSolution
		{A07B31BA-7FA9-A1EC-BDB3-5B4A73A00780}.Debug|Any CPU.ActiveCfg = Debug|Any CPU
		{A07B31BA-7FA9-A1EC-BDB3-5B4A73A00780}.Debug|Any CPU.Build.0 = Debug|Any CPU
		{A07B31BA-7FA9-A1EC-BDB3-5B4A73A00780}.Release|Any CPU.ActiveCfg = Release|Any CPU
		{A07B31BA-7FA9-A1EC-BDB3-5B4A73A00780}.Release|Any CPU.Build.0 = Release|Any CPU
	EndGlobalSection
	GlobalSection(SolutionProperties) = preSolution
		HideSolutionNode = FALSE
	EndGlobalSection
	GlobalSection(ExtensibilityGlobals) = postSolution
		SolutionGuid = {156BFFC9-6F29-48C4-8E37-C0D8D801E916}
	EndGlobalSection
EndGlobal
